
Microsoft Visual Studio Solution File, Format Version 11.00
# Visual Studio 2010
Project("{FAE04EC0-301F-11D3-BF4B-00C04F79EFBC}") = "primul", "primul\primul.csproj", "{58CDDB08-8ACF-49A2-8C8F-F020CB0C7ADD}"
EndProject
Global
	GlobalSection(SolutionConfigurationPlatforms) = preSolution
		Debug|iPhoneSimulator = Debug|iPhoneSimulator
		Release|iPhoneSimulator = Release|iPhoneSimulator
		Debug|iPhone = Debug|iPhone
		Release|iPhone = Release|iPhone
		Ad-Hoc|iPhone = Ad-Hoc|iPhone
		AppStore|iPhone = AppStore|iPhone
	EndGlobalSection
	GlobalSection(ProjectConfigurationPlatforms) = postSolution
		{58CDDB08-8ACF-49A2-8C8F-F020CB0C7ADD}.Ad-Hoc|iPhone.ActiveCfg = Ad-Hoc|iPhone
		{58CDDB08-8ACF-49A2-8C8F-F020CB0C7ADD}.Ad-Hoc|iPhone.Build.0 = Ad-Hoc|iPhone
		{58CDDB08-8ACF-49A2-8C8F-F020CB0C7ADD}.AppStore|iPhone.ActiveCfg = AppStore|iPhone
		{58CDDB08-8ACF-49A2-8C8F-F020CB0C7ADD}.AppStore|iPhone.Build.0 = AppStore|iPhone
		{58CDDB08-8ACF-49A2-8C8F-F020CB0C7ADD}.Debug|iPhone.ActiveCfg = Debug|iPhone
		{58CDDB08-8ACF-49A2-8C8F-F020CB0C7ADD}.Debug|iPhone.Build.0 = Debug|iPhone
		{58CDDB08-8ACF-49A2-8C8F-F020CB0C7ADD}.Debug|iPhoneSimulator.ActiveCfg = Debug|iPhoneSimulator
		{58CDDB08-8ACF-49A2-8C8F-F020CB0C7ADD}.Debug|iPhoneSimulator.Build.0 = Debug|iPhoneSimulator
		{58CDDB08-8ACF-49A2-8C8F-F020CB0C7ADD}.Release|iPhone.ActiveCfg = Release|iPhone
		{58CDDB08-8ACF-49A2-8C8F-F020CB0C7ADD}.Release|iPhone.Build.0 = Release|iPhone
		{58CDDB08-8ACF-49A2-8C8F-F020CB0C7ADD}.Release|iPhoneSimulator.ActiveCfg = Release|iPhoneSimulator
		{58CDDB08-8ACF-49A2-8C8F-F020CB0C7ADD}.Release|iPhoneSimulator.Build.0 = Release|iPhoneSimulator
	EndGlobalSection
	GlobalSection(MonoDevelopProperties) = preSolution
		StartupItem = primul\primul.csproj
	EndGlobalSection
EndGlobal
