// !$*UTF8*$!
{
	archiveVersion = 1;
	classes = {
	};
	objectVersion = 46;
	objects = {

/* Begin PBXBuildFile section */
		A98C5EFC1B1BB10000323121 /* HaskelliOS.xcconfig in Resources */ = {isa = PBXBuildFile; fileRef = A98C5EFB1B1BB10000323121 /* HaskelliOS.xcconfig */; };
		A98C5F021B1BCE1F00323121 /* Counter.a in Frameworks */ = {isa = PBXBuildFile; fileRef = A98C5F011B1BCE1F00323121 /* Counter.a */; };
		A98C5F091B1BD71E00323121 /* libHStransactions-0.1.0.0.a in Frameworks */ = {isa = PBXBuildFile; fileRef = A98C5F081B1BD71E00323121 /* libHStransactions-0.1.0.0.a */; };
		A9958A6D1B1B568B004CD32E /* AppDelegate.swift in Sources */ = {isa = PBXBuildFile; fileRef = A9958A6C1B1B568B004CD32E /* AppDelegate.swift */; };
		A9958A6F1B1B568B004CD32E /* ViewController.swift in Sources */ = {isa = PBXBuildFile; fileRef = A9958A6E1B1B568B004CD32E /* ViewController.swift */; };
		A9958A721B1B568B004CD32E /* Main.storyboard in Resources */ = {isa = PBXBuildFile; fileRef = A9958A701B1B568B004CD32E /* Main.storyboard */; };
		A9958A741B1B568B004CD32E /* Images.xcassets in Resources */ = {isa = PBXBuildFile; fileRef = A9958A731B1B568B004CD32E /* Images.xcassets */; };
		A9958A771B1B568B004CD32E /* LaunchScreen.xib in Resources */ = {isa = PBXBuildFile; fileRef = A9958A751B1B568B004CD32E /* LaunchScreen.xib */; };
		A9958A831B1B568B004CD32E /* ServicesTests.swift in Sources */ = {isa = PBXBuildFile; fileRef = A9958A821B1B568B004CD32E /* ServicesTests.swift */; };
/* End PBXBuildFile section */

/* Begin PBXContainerItemProxy section */
		A9958A7D1B1B568B004CD32E /* PBXContainerItemProxy */ = {
			isa = PBXContainerItemProxy;
			containerPortal = A9958A5F1B1B568B004CD32E /* Project object */;
			proxyType = 1;
			remoteGlobalIDString = A9958A661B1B568B004CD32E;
			remoteInfo = Services;
		};
/* End PBXContainerItemProxy section */

/* Begin PBXFileReference section */
		A98C5EFB1B1BB10000323121 /* HaskelliOS.xcconfig */ = {isa = PBXFileReference; fileEncoding = 4; lastKnownFileType = text.xcconfig; name = HaskelliOS.xcconfig; path = "../../../bin/ghc-ios-scripts/HaskelliOS.xcconfig"; sourceTree = "<group>"; };
		A98C5F001B1BCE1F00323121 /* Counter_stub.h */ = {isa = PBXFileReference; fileEncoding = 4; lastKnownFileType = sourcecode.c.h; name = Counter_stub.h; path = ../../../haskell/ios/Counter_stub.h; sourceTree = "<group>"; };
		A98C5F011B1BCE1F00323121 /* Counter.a */ = {isa = PBXFileReference; lastKnownFileType = archive.ar; name = Counter.a; path = ../../../haskell/ios/Counter.a; sourceTree = "<group>"; };
		A98C5F041B1BCF0900323121 /* Services-Bridging-Header.h */ = {isa = PBXFileReference; lastKnownFileType = sourcecode.c.h; path = "Services-Bridging-Header.h"; sourceTree = "<group>"; };
		A98C5F081B1BD71E00323121 /* libHStransactions-0.1.0.0.a */ = {isa = PBXFileReference; lastKnownFileType = archive.ar; name = "libHStransactions-0.1.0.0.a"; path = "../../../haskell/transactions/dist/i386/build/libHStransactions-0.1.0.0.a"; sourceTree = "<group>"; };
		A98C5F0A1B1CA69500323121 /* Exports_stub.h */ = {isa = PBXFileReference; fileEncoding = 4; lastKnownFileType = sourcecode.c.h; name = Exports_stub.h; path = ../../../haskell/transactions/dist/i386/build/Data/Exports_stub.h; sourceTree = "<group>"; };
		A9958A671B1B568B004CD32E /* Services.app */ = {isa = PBXFileReference; explicitFileType = wrapper.application; includeInIndex = 0; path = Services.app; sourceTree = BUILT_PRODUCTS_DIR; };
		A9958A6B1B1B568B004CD32E /* Info.plist */ = {isa = PBXFileReference; lastKnownFileType = text.plist.xml; path = Info.plist; sourceTree = "<group>"; };
		A9958A6C1B1B568B004CD32E /* AppDelegate.swift */ = {isa = PBXFileReference; lastKnownFileType = sourcecode.swift; path = AppDelegate.swift; sourceTree = "<group>"; };
		A9958A6E1B1B568B004CD32E /* ViewController.swift */ = {isa = PBXFileReference; lastKnownFileType = sourcecode.swift; path = ViewController.swift; sourceTree = "<group>"; };
		A9958A711B1B568B004CD32E /* Base */ = {isa = PBXFileReference; lastKnownFileType = file.storyboard; name = Base; path = Base.lproj/Main.storyboard; sourceTree = "<group>"; };
		A9958A731B1B568B004CD32E /* Images.xcassets */ = {isa = PBXFileReference; lastKnownFileType = folder.assetcatalog; path = Images.xcassets; sourceTree = "<group>"; };
		A9958A761B1B568B004CD32E /* Base */ = {isa = PBXFileReference; lastKnownFileType = file.xib; name = Base; path = Base.lproj/LaunchScreen.xib; sourceTree = "<group>"; };
		A9958A7C1B1B568B004CD32E /* ServicesTests.xctest */ = {isa = PBXFileReference; explicitFileType = wrapper.cfbundle; includeInIndex = 0; path = ServicesTests.xctest; sourceTree = BUILT_PRODUCTS_DIR; };
		A9958A811B1B568B004CD32E /* Info.plist */ = {isa = PBXFileReference; lastKnownFileType = text.plist.xml; path = Info.plist; sourceTree = "<group>"; };
		A9958A821B1B568B004CD32E /* ServicesTests.swift */ = {isa = PBXFileReference; lastKnownFileType = sourcecode.swift; path = ServicesTests.swift; sourceTree = "<group>"; };
/* End PBXFileReference section */

/* Begin PBXFrameworksBuildPhase section */
		A9958A641B1B568B004CD32E /* Frameworks */ = {
			isa = PBXFrameworksBuildPhase;
			buildActionMask = 2147483647;
			files = (
				A98C5F021B1BCE1F00323121 /* Counter.a in Frameworks */,
				A98C5F091B1BD71E00323121 /* libHStransactions-0.1.0.0.a in Frameworks */,
			);
			runOnlyForDeploymentPostprocessing = 0;
		};
		A9958A791B1B568B004CD32E /* Frameworks */ = {
			isa = PBXFrameworksBuildPhase;
			buildActionMask = 2147483647;
			files = (
			);
			runOnlyForDeploymentPostprocessing = 0;
		};
/* End PBXFrameworksBuildPhase section */

/* Begin PBXGroup section */
		A9958A5E1B1B568B004CD32E = {
			isa = PBXGroup;
			children = (
				A98C5EFB1B1BB10000323121 /* HaskelliOS.xcconfig */,
				A9958A691B1B568B004CD32E /* Services */,
				A9958A7F1B1B568B004CD32E /* ServicesTests */,
				A9958A681B1B568B004CD32E /* Products */,
			);
			sourceTree = "<group>";
		};
		A9958A681B1B568B004CD32E /* Products */ = {
			isa = PBXGroup;
			children = (
				A9958A671B1B568B004CD32E /* Services.app */,
				A9958A7C1B1B568B004CD32E /* ServicesTests.xctest */,
			);
			name = Products;
			sourceTree = "<group>";
		};
		A9958A691B1B568B004CD32E /* Services */ = {
			isa = PBXGroup;
			children = (
				A98C5F081B1BD71E00323121 /* libHStransactions-0.1.0.0.a */,
				A98C5F0A1B1CA69500323121 /* Exports_stub.h */,
				A98C5F001B1BCE1F00323121 /* Counter_stub.h */,
				A98C5F011B1BCE1F00323121 /* Counter.a */,
				A9958A6C1B1B568B004CD32E /* AppDelegate.swift */,
				A9958A6E1B1B568B004CD32E /* ViewController.swift */,
				A9958A701B1B568B004CD32E /* Main.storyboard */,
				A9958A731B1B568B004CD32E /* Images.xcassets */,
				A9958A751B1B568B004CD32E /* LaunchScreen.xib */,
				A9958A6A1B1B568B004CD32E /* Supporting Files */,
				A98C5F041B1BCF0900323121 /* Services-Bridging-Header.h */,
			);
			path = Services;
			sourceTree = "<group>";
		};
		A9958A6A1B1B568B004CD32E /* Supporting Files */ = {
			isa = PBXGroup;
			children = (
				A9958A6B1B1B568B004CD32E /* Info.plist */,
			);
			name = "Supporting Files";
			sourceTree = "<group>";
		};
		A9958A7F1B1B568B004CD32E /* ServicesTests */ = {
			isa = PBXGroup;
			children = (
				A9958A821B1B568B004CD32E /* ServicesTests.swift */,
				A9958A801B1B568B004CD32E /* Supporting Files */,
			);
			path = ServicesTests;
			sourceTree = "<group>";
		};
		A9958A801B1B568B004CD32E /* Supporting Files */ = {
			isa = PBXGroup;
			children = (
				A9958A811B1B568B004CD32E /* Info.plist */,
			);
			name = "Supporting Files";
			sourceTree = "<group>";
		};
/* End PBXGroup section */

/* Begin PBXNativeTarget section */
		A9958A661B1B568B004CD32E /* Services */ = {
			isa = PBXNativeTarget;
			buildConfigurationList = A9958A861B1B568B004CD32E /* Build configuration list for PBXNativeTarget "Services" */;
			buildPhases = (
				A9958A631B1B568B004CD32E /* Sources */,
				A9958A641B1B568B004CD32E /* Frameworks */,
				A9958A651B1B568B004CD32E /* Resources */,
			);
			buildRules = (
			);
			dependencies = (
			);
			name = Services;
			productName = Services;
			productReference = A9958A671B1B568B004CD32E /* Services.app */;
			productType = "com.apple.product-type.application";
		};
		A9958A7B1B1B568B004CD32E /* ServicesTests */ = {
			isa = PBXNativeTarget;
			buildConfigurationList = A9958A891B1B568B004CD32E /* Build configuration list for PBXNativeTarget "ServicesTests" */;
			buildPhases = (
				A9958A781B1B568B004CD32E /* Sources */,
				A9958A791B1B568B004CD32E /* Frameworks */,
				A9958A7A1B1B568B004CD32E /* Resources */,
			);
			buildRules = (
			);
			dependencies = (
				A9958A7E1B1B568B004CD32E /* PBXTargetDependency */,
			);
			name = ServicesTests;
			productName = ServicesTests;
			productReference = A9958A7C1B1B568B004CD32E /* ServicesTests.xctest */;
			productType = "com.apple.product-type.bundle.unit-test";
		};
/* End PBXNativeTarget section */

/* Begin PBXProject section */
		A9958A5F1B1B568B004CD32E /* Project object */ = {
			isa = PBXProject;
			attributes = {
				LastUpgradeCheck = 0630;
				ORGANIZATIONNAME = "Bogdan Manole";
				TargetAttributes = {
					A9958A661B1B568B004CD32E = {
						CreatedOnToolsVersion = 6.3.2;
					};
					A9958A7B1B1B568B004CD32E = {
						CreatedOnToolsVersion = 6.3.2;
						TestTargetID = A9958A661B1B568B004CD32E;
					};
				};
			};
			buildConfigurationList = A9958A621B1B568B004CD32E /* Build configuration list for PBXProject "Services" */;
			compatibilityVersion = "Xcode 3.2";
			developmentRegion = English;
			hasScannedForEncodings = 0;
			knownRegions = (
				en,
				Base,
			);
			mainGroup = A9958A5E1B1B568B004CD32E;
			productRefGroup = A9958A681B1B568B004CD32E /* Products */;
			projectDirPath = "";
			projectRoot = "";
			targets = (
				A9958A661B1B568B004CD32E /* Services */,
				A9958A7B1B1B568B004CD32E /* ServicesTests */,
			);
		};
/* End PBXProject section */

/* Begin PBXResourcesBuildPhase section */
		A9958A651B1B568B004CD32E /* Resources */ = {
			isa = PBXResourcesBuildPhase;
			buildActionMask = 2147483647;
			files = (
				A9958A721B1B568B004CD32E /* Main.storyboard in Resources */,
				A98C5EFC1B1BB10000323121 /* HaskelliOS.xcconfig in Resources */,
				A9958A771B1B568B004CD32E /* LaunchScreen.xib in Resources */,
				A9958A741B1B568B004CD32E /* Images.xcassets in Resources */,
			);
			runOnlyForDeploymentPostprocessing = 0;
		};
		A9958A7A1B1B568B004CD32E /* Resources */ = {
			isa = PBXResourcesBuildPhase;
			buildActionMask = 2147483647;
			files = (
			);
			runOnlyForDeploymentPostprocessing = 0;
		};
/* End PBXResourcesBuildPhase section */

/* Begin PBXSourcesBuildPhase section */
		A9958A631B1B568B004CD32E /* Sources */ = {
			isa = PBXSourcesBuildPhase;
			buildActionMask = 2147483647;
			files = (
				A9958A6F1B1B568B004CD32E /* ViewController.swift in Sources */,
				A9958A6D1B1B568B004CD32E /* AppDelegate.swift in Sources */,
			);
			runOnlyForDeploymentPostprocessing = 0;
		};
		A9958A781B1B568B004CD32E /* Sources */ = {
			isa = PBXSourcesBuildPhase;
			buildActionMask = 2147483647;
			files = (
				A9958A831B1B568B004CD32E /* ServicesTests.swift in Sources */,
			);
			runOnlyForDeploymentPostprocessing = 0;
		};
/* End PBXSourcesBuildPhase section */

/* Begin PBXTargetDependency section */
		A9958A7E1B1B568B004CD32E /* PBXTargetDependency */ = {
			isa = PBXTargetDependency;
			target = A9958A661B1B568B004CD32E /* Services */;
			targetProxy = A9958A7D1B1B568B004CD32E /* PBXContainerItemProxy */;
		};
/* End PBXTargetDependency section */

/* Begin PBXVariantGroup section */
		A9958A701B1B568B004CD32E /* Main.storyboard */ = {
			isa = PBXVariantGroup;
			children = (
				A9958A711B1B568B004CD32E /* Base */,
			);
			name = Main.storyboard;
			sourceTree = "<group>";
		};
		A9958A751B1B568B004CD32E /* LaunchScreen.xib */ = {
			isa = PBXVariantGroup;
			children = (
				A9958A761B1B568B004CD32E /* Base */,
			);
			name = LaunchScreen.xib;
			sourceTree = "<group>";
		};
/* End PBXVariantGroup section */

/* Begin XCBuildConfiguration section */
		A9958A841B1B568B004CD32E /* Debug */ = {
			isa = XCBuildConfiguration;
			baseConfigurationReference = A98C5EFB1B1BB10000323121 /* HaskelliOS.xcconfig */;
			buildSettings = {
				ALWAYS_SEARCH_USER_PATHS = NO;
				CLANG_CXX_LANGUAGE_STANDARD = "gnu++0x";
				CLANG_CXX_LIBRARY = "libc++";
				CLANG_ENABLE_MODULES = YES;
				CLANG_ENABLE_OBJC_ARC = YES;
				CLANG_WARN_BOOL_CONVERSION = YES;
				CLANG_WARN_CONSTANT_CONVERSION = YES;
				CLANG_WARN_DIRECT_OBJC_ISA_USAGE = YES_ERROR;
				CLANG_WARN_EMPTY_BODY = YES;
				CLANG_WARN_ENUM_CONVERSION = YES;
				CLANG_WARN_INT_CONVERSION = YES;
				CLANG_WARN_OBJC_ROOT_CLASS = YES_ERROR;
				CLANG_WARN_UNREACHABLE_CODE = YES;
				CLANG_WARN__DUPLICATE_METHOD_MATCH = YES;
				"CODE_SIGN_IDENTITY[sdk=iphoneos*]" = "iPhone Developer";
				COPY_PHASE_STRIP = NO;
				DEBUG_INFORMATION_FORMAT = "dwarf-with-dsym";
				ENABLE_STRICT_OBJC_MSGSEND = YES;
				GCC_C_LANGUAGE_STANDARD = gnu99;
				GCC_DYNAMIC_NO_PIC = NO;
				GCC_NO_COMMON_BLOCKS = YES;
				GCC_OPTIMIZATION_LEVEL = 0;
				GCC_PREPROCESSOR_DEFINITIONS = (
					"DEBUG=1",
					"$(inherited)",
				);
				GCC_SYMBOLS_PRIVATE_EXTERN = NO;
				GCC_WARN_64_TO_32_BIT_CONVERSION = YES;
				GCC_WARN_ABOUT_RETURN_TYPE = YES_ERROR;
				GCC_WARN_UNDECLARED_SELECTOR = YES;
				GCC_WARN_UNINITIALIZED_AUTOS = YES_AGGRESSIVE;
				GCC_WARN_UNUSED_FUNCTION = YES;
				GCC_WARN_UNUSED_VARIABLE = YES;
				IPHONEOS_DEPLOYMENT_TARGET = 8.3;
				MTL_ENABLE_DEBUG_INFO = YES;
				ONLY_ACTIVE_ARCH = YES;
				SDKROOT = iphoneos;
				SWIFT_OPTIMIZATION_LEVEL = "-Onone";
				TARGETED_DEVICE_FAMILY = "1,2";
			};
			name = Debug;
		};
		A9958A851B1B568B004CD32E /* Release */ = {
			isa = XCBuildConfiguration;
			baseConfigurationReference = A98C5EFB1B1BB10000323121 /* HaskelliOS.xcconfig */;
			buildSettings = {
				ALWAYS_SEARCH_USER_PATHS = NO;
				CLANG_CXX_LANGUAGE_STANDARD = "gnu++0x";
				CLANG_CXX_LIBRARY = "libc++";
				CLANG_ENABLE_MODULES = YES;
				CLANG_ENABLE_OBJC_ARC = YES;
				CLANG_WARN_BOOL_CONVERSION = YES;
				CLANG_WARN_CONSTANT_CONVERSION = YES;
				CLANG_WARN_DIRECT_OBJC_ISA_USAGE = YES_ERROR;
				CLANG_WARN_EMPTY_BODY = YES;
				CLANG_WARN_ENUM_CONVERSION = YES;
				CLANG_WARN_INT_CONVERSION = YES;
				CLANG_WARN_OBJC_ROOT_CLASS = YES_ERROR;
				CLANG_WARN_UNREACHABLE_CODE = YES;
				CLANG_WARN__DUPLICATE_METHOD_MATCH = YES;
				"CODE_SIGN_IDENTITY[sdk=iphoneos*]" = "iPhone Developer";
				COPY_PHASE_STRIP = NO;
				DEBUG_INFORMATION_FORMAT = "dwarf-with-dsym";
				ENABLE_NS_ASSERTIONS = NO;
				ENABLE_STRICT_OBJC_MSGSEND = YES;
				GCC_C_LANGUAGE_STANDARD = gnu99;
				GCC_NO_COMMON_BLOCKS = YES;
				GCC_WARN_64_TO_32_BIT_CONVERSION = YES;
				GCC_WARN_ABOUT_RETURN_TYPE = YES_ERROR;
				GCC_WARN_UNDECLARED_SELECTOR = YES;
				GCC_WARN_UNINITIALIZED_AUTOS = YES_AGGRESSIVE;
				GCC_WARN_UNUSED_FUNCTION = YES;
				GCC_WARN_UNUSED_VARIABLE = YES;
				IPHONEOS_DEPLOYMENT_TARGET = 8.3;
				MTL_ENABLE_DEBUG_INFO = NO;
				SDKROOT = iphoneos;
				TARGETED_DEVICE_FAMILY = "1,2";
				VALIDATE_PRODUCT = YES;
			};
			name = Release;
		};
		A9958A871B1B568B004CD32E /* Debug */ = {
			isa = XCBuildConfiguration;
			baseConfigurationReference = A98C5EFB1B1BB10000323121 /* HaskelliOS.xcconfig */;
			buildSettings = {
				ASSETCATALOG_COMPILER_APPICON_NAME = AppIcon;
				CLANG_ENABLE_MODULES = YES;
				INFOPLIST_FILE = Services/Info.plist;
				LD_RUNPATH_SEARCH_PATHS = "$(inherited) @executable_path/Frameworks";
				LIBRARY_SEARCH_PATHS = (
					"$(inherited)",
					/Users/horus/projects/haskell/ios,
					/Users/horus/projects/haskell/transactions/dist/i386/build,
				);
				PRODUCT_NAME = "$(TARGET_NAME)";
				SWIFT_OBJC_BRIDGING_HEADER = "Services/Services-Bridging-Header.h";
				SWIFT_OPTIMIZATION_LEVEL = "-Onone";
				TARGETED_DEVICE_FAMILY = "1,2";
			};
			name = Debug;
		};
		A9958A881B1B568B004CD32E /* Release */ = {
			isa = XCBuildConfiguration;
			baseConfigurationReference = A98C5EFB1B1BB10000323121 /* HaskelliOS.xcconfig */;
			buildSettings = {
				ASSETCATALOG_COMPILER_APPICON_NAME = AppIcon;
				CLANG_ENABLE_MODULES = YES;
				INFOPLIST_FILE = Services/Info.plist;
				LD_RUNPATH_SEARCH_PATHS = "$(inherited) @executable_path/Frameworks";
				LIBRARY_SEARCH_PATHS = (
					"$(inherited)",
					/Users/horus/projects/haskell/ios,
					/Users/horus/projects/haskell/transactions/dist/i386/build,
				);
				PRODUCT_NAME = "$(TARGET_NAME)";
				SWIFT_OBJC_BRIDGING_HEADER = "Services/Services-Bridging-Header.h";
				TARGETED_DEVICE_FAMILY = "1,2";
			};
			name = Release;
		};
		A9958A8A1B1B568B004CD32E /* Debug */ = {
			isa = XCBuildConfiguration;
			baseConfigurationReference = A98C5EFB1B1BB10000323121 /* HaskelliOS.xcconfig */;
			buildSettings = {
				BUNDLE_LOADER = "$(TEST_HOST)";
				FRAMEWORK_SEARCH_PATHS = (
					"$(SDKROOT)/Developer/Library/Frameworks",
					"$(inherited)",
				);
				GCC_PREPROCESSOR_DEFINITIONS = (
					"DEBUG=1",
					"$(inherited)",
				);
				INFOPLIST_FILE = ServicesTests/Info.plist;
				LD_RUNPATH_SEARCH_PATHS = "$(inherited) @executable_path/Frameworks @loader_path/Frameworks";
				PRODUCT_NAME = "$(TARGET_NAME)";
				TEST_HOST = "$(BUILT_PRODUCTS_DIR)/Services.app/Services";
			};
			name = Debug;
		};
		A9958A8B1B1B568B004CD32E /* Release */ = {
			isa = XCBuildConfiguration;
			baseConfigurationReference = A98C5EFB1B1BB10000323121 /* HaskelliOS.xcconfig */;
			buildSettings = {
				BUNDLE_LOADER = "$(TEST_HOST)";
				FRAMEWORK_SEARCH_PATHS = (
					"$(SDKROOT)/Developer/Library/Frameworks",
					"$(inherited)",
				);
				INFOPLIST_FILE = ServicesTests/Info.plist;
				LD_RUNPATH_SEARCH_PATHS = "$(inherited) @executable_path/Frameworks @loader_path/Frameworks";
				PRODUCT_NAME = "$(TARGET_NAME)";
				TEST_HOST = "$(BUILT_PRODUCTS_DIR)/Services.app/Services";
			};
			name = Release;
		};
/* End XCBuildConfiguration section */

/* Begin XCConfigurationList section */
		A9958A621B1B568B004CD32E /* Build configuration list for PBXProject "Services" */ = {
			isa = XCConfigurationList;
			buildConfigurations = (
				A9958A841B1B568B004CD32E /* Debug */,
				A9958A851B1B568B004CD32E /* Release */,
			);
			defaultConfigurationIsVisible = 0;
			defaultConfigurationName = Debug;
		};
		A9958A861B1B568B004CD32E /* Build configuration list for PBXNativeTarget "Services" */ = {
			isa = XCConfigurationList;
			buildConfigurations = (
				A9958A871B1B568B004CD32E /* Debug */,
				A9958A881B1B568B004CD32E /* Release */,
			);
			defaultConfigurationIsVisible = 0;
			defaultConfigurationName = Debug;
		};
		A9958A891B1B568B004CD32E /* Build configuration list for PBXNativeTarget "ServicesTests" */ = {
			isa = XCConfigurationList;
			buildConfigurations = (
				A9958A8A1B1B568B004CD32E /* Debug */,
				A9958A8B1B1B568B004CD32E /* Release */,
			);
			defaultConfigurationIsVisible = 0;
			defaultConfigurationName = Debug;
		};
/* End XCConfigurationList section */
	};
	rootObject = A9958A5F1B1B568B004CD32E /* Project object */;
}
